
Microsoft Visual Studio Solution File, Format Version 12.00
# Visual Studio 15
VisualStudioVersion = 15.0.27130.2036
MinimumVisualStudioVersion = 10.0.40219.1
Project("{FAE04EC0-301F-11D3-BF4B-00C04F79EFBC}") = "WebSiteWebApplication", "BookingStoreWebApplication\WebSiteWebApplication.csproj", "{8B928A54-E0C4-46EA-865A-746511DA12E4}"
EndProject
Global
	GlobalSection(SolutionConfigurationPlatforms) = preSolution
		Debug|Any CPU = Debug|Any CPU
		Release|Any CPU = Release|Any CPU
	EndGlobalSection
	GlobalSection(ProjectConfigurationPlatforms) = postSolution
		{8B928A54-E0C4-46EA-865A-746511DA12E4}.Debug|Any CPU.ActiveCfg = Debug|Any CPU
		{8B928A54-E0C4-46EA-865A-746511DA12E4}.Debug|Any CPU.Build.0 = Debug|Any CPU
		{8B928A54-E0C4-46EA-865A-746511DA12E4}.Release|Any CPU.ActiveCfg = Release|Any CPU
		{8B928A54-E0C4-46EA-865A-746511DA12E4}.Release|Any CPU.Build.0 = Release|Any CPU
	EndGlobalSection
	GlobalSection(SolutionProperties) = preSolution
		HideSolutionNode = FALSE
	EndGlobalSection
	GlobalSection(ExtensibilityGlobals) = postSolution
		SolutionGuid = {73E310E7-3442-4F19-BC0B-DB8F8CDFFA44}
	EndGlobalSection
EndGlobal
